
Microsoft Visual Studio Solution File, Format Version 12.00
# Visual Studio Version 17
VisualStudioVersion = 17.9.34607.119
MinimumVisualStudioVersion = 10.0.40219.1
Project("{FAE04EC0-301F-11D3-BF4B-00C04F79EFBC}") = "Lab Fuhinar", "Lab Fuhinar\Lab Fuhinar.csproj", "{B05A4887-6785-40AF-9AF4-FE1681CD0759}"
EndProject
Global
	GlobalSection(SolutionConfigurationPlatforms) = preSolution
		Debug|Any CPU = Debug|Any CPU
		Release|Any CPU = Release|Any CPU
	EndGlobalSection
	GlobalSection(ProjectConfigurationPlatforms) = postSolution
		{B05A4887-6785-40AF-9AF4-FE1681CD0759}.Debug|Any CPU.ActiveCfg = Debug|Any CPU
		{B05A4887-6785-40AF-9AF4-FE1681CD0759}.Debug|Any CPU.Build.0 = Debug|Any CPU
		{B05A4887-6785-40AF-9AF4-FE1681CD0759}.Release|Any CPU.ActiveCfg = Release|Any CPU
		{B05A4887-6785-40AF-9AF4-FE1681CD0759}.Release|Any CPU.Build.0 = Release|Any CPU
	EndGlobalSection
	GlobalSection(SolutionProperties) = preSolution
		HideSolutionNode = FALSE
	EndGlobalSection
	GlobalSection(ExtensibilityGlobals) = postSolution
		SolutionGuid = {0AA53BEC-5A87-4619-BF0B-1B669A671CDB}
	EndGlobalSection
EndGlobal
